// !$*UTF8*$!
{
	archiveVersion = 1;
	classes = {
	};
	objectVersion = 46;
	objects = {

/* Begin PBXBuildFile section */
		0559CCE51411269D001DC928 /* UIKit.framework in Frameworks */ = {isa = PBXBuildFile; fileRef = 0559CCE41411269D001DC928 /* UIKit.framework */; };
		0559CCE71411269D001DC928 /* Foundation.framework in Frameworks */ = {isa = PBXBuildFile; fileRef = 0559CCE61411269D001DC928 /* Foundation.framework */; };
		0559CCE91411269D001DC928 /* CoreGraphics.framework in Frameworks */ = {isa = PBXBuildFile; fileRef = 0559CCE81411269D001DC928 /* CoreGraphics.framework */; };
		0559CCEF1411269D001DC928 /* InfoPlist.strings in Resources */ = {isa = PBXBuildFile; fileRef = 0559CCED1411269D001DC928 /* InfoPlist.strings */; };
		0559CCF21411269D001DC928 /* main.m in Sources */ = {isa = PBXBuildFile; fileRef = 0559CCF11411269D001DC928 /* main.m */; };
		0559CCF51411269D001DC928 /* lographsPrototypeAppDelegate.m in Sources */ = {isa = PBXBuildFile; fileRef = 0559CCF41411269D001DC928 /* lographsPrototypeAppDelegate.m */; };
		0559CCF81411269D001DC928 /* MainWindow.xib in Resources */ = {isa = PBXBuildFile; fileRef = 0559CCF61411269D001DC928 /* MainWindow.xib */; };
		0559CCFB1411269D001DC928 /* FirstViewController.m in Sources */ = {isa = PBXBuildFile; fileRef = 0559CCFA1411269D001DC928 /* FirstViewController.m */; };
		0559CCFE1411269D001DC928 /* SecondViewController.m in Sources */ = {isa = PBXBuildFile; fileRef = 0559CCFD1411269D001DC928 /* SecondViewController.m */; };
		0559CD011411269D001DC928 /* FirstView.xib in Resources */ = {isa = PBXBuildFile; fileRef = 0559CCFF1411269D001DC928 /* FirstView.xib */; };
		0559CD041411269D001DC928 /* SecondView.xib in Resources */ = {isa = PBXBuildFile; fileRef = 0559CD021411269D001DC928 /* SecondView.xib */; };
		05B7F83E142E1EA900534522 /* README.md in Resources */ = {isa = PBXBuildFile; fileRef = 05B7F83D142E1EA900534522 /* README.md */; };
		05F26DB0141BBB64007F518C /* Icon.png in Resources */ = {isa = PBXBuildFile; fileRef = 05F26DAE141BBB64007F518C /* Icon.png */; };
		05F26DB1141BBB64007F518C /* Icon@2x.png in Resources */ = {isa = PBXBuildFile; fileRef = 05F26DAF141BBB64007F518C /* Icon@2x.png */; };
		05F26DBD141BC250007F518C /* lographs.db in Resources */ = {isa = PBXBuildFile; fileRef = 05F26DBC141BC250007F518C /* lographs.db */; };
		05F26DC6141BC328007F518C /* FMDatabase.m in Sources */ = {isa = PBXBuildFile; fileRef = 05F26DC1141BC328007F518C /* FMDatabase.m */; };
		05F26DC7141BC328007F518C /* FMDatabaseAdditions.m in Sources */ = {isa = PBXBuildFile; fileRef = 05F26DC3141BC328007F518C /* FMDatabaseAdditions.m */; };
		05F26DC8141BC328007F518C /* FMResultSet.m in Sources */ = {isa = PBXBuildFile; fileRef = 05F26DC5141BC328007F518C /* FMResultSet.m */; };
		05F26DCA141BC3A0007F518C /* libsqlite3.0.dylib in Frameworks */ = {isa = PBXBuildFile; fileRef = 05F26DC9141BC3A0007F518C /* libsqlite3.0.dylib */; };
		05F26DCF141BC67B007F518C /* CityData.m in Sources */ = {isa = PBXBuildFile; fileRef = 05F26DCE141BC67B007F518C /* CityData.m */; };
		05F26DD2141BC7C1007F518C /* LographsModel.m in Sources */ = {isa = PBXBuildFile; fileRef = 05F26DD1141BC7C1007F518C /* LographsModel.m */; };
		05F26DDD141BEBA4007F518C /* NSDictionary+Null.m in Sources */ = {isa = PBXBuildFile; fileRef = 05F26DDC141BEBA3007F518C /* NSDictionary+Null.m */; };
		05FBFBEC141376F8006AC2D9 /* EntryListViewController.m in Sources */ = {isa = PBXBuildFile; fileRef = 05FBFBEA141376F8006AC2D9 /* EntryListViewController.m */; };
		05FBFBED141376F8006AC2D9 /* EntryListViewController.xib in Resources */ = {isa = PBXBuildFile; fileRef = 05FBFBEB141376F8006AC2D9 /* EntryListViewController.xib */; };
		05FBFBF91413878A006AC2D9 /* EntryCell.m in Sources */ = {isa = PBXBuildFile; fileRef = 05FBFBF81413878A006AC2D9 /* EntryCell.m */; };
		05FBFBFB141387B0006AC2D9 /* EntryCell.xib in Resources */ = {isa = PBXBuildFile; fileRef = 05FBFBFA141387B0006AC2D9 /* EntryCell.xib */; };
		05FBFBFF14139BEB006AC2D9 /* EntryDetailViewController.m in Sources */ = {isa = PBXBuildFile; fileRef = 05FBFBFD14139BEB006AC2D9 /* EntryDetailViewController.m */; };
		05FBFC0014139BEB006AC2D9 /* EntryDetailViewController.xib in Resources */ = {isa = PBXBuildFile; fileRef = 05FBFBFE14139BEB006AC2D9 /* EntryDetailViewController.xib */; };
/* End PBXBuildFile section */

/* Begin PBXFileReference section */
		0559CCE01411269D001DC928 /* lographsPrototype.app */ = {isa = PBXFileReference; explicitFileType = wrapper.application; includeInIndex = 0; path = lographsPrototype.app; sourceTree = BUILT_PRODUCTS_DIR; };
		0559CCE41411269D001DC928 /* UIKit.framework */ = {isa = PBXFileReference; lastKnownFileType = wrapper.framework; name = UIKit.framework; path = System/Library/Frameworks/UIKit.framework; sourceTree = SDKROOT; };
		0559CCE61411269D001DC928 /* Foundation.framework */ = {isa = PBXFileReference; lastKnownFileType = wrapper.framework; name = Foundation.framework; path = System/Library/Frameworks/Foundation.framework; sourceTree = SDKROOT; };
		0559CCE81411269D001DC928 /* CoreGraphics.framework */ = {isa = PBXFileReference; lastKnownFileType = wrapper.framework; name = CoreGraphics.framework; path = System/Library/Frameworks/CoreGraphics.framework; sourceTree = SDKROOT; };
		0559CCEC1411269D001DC928 /* lographsPrototype-Info.plist */ = {isa = PBXFileReference; lastKnownFileType = text.plist.xml; path = "lographsPrototype-Info.plist"; sourceTree = "<group>"; };
		0559CCEE1411269D001DC928 /* en */ = {isa = PBXFileReference; lastKnownFileType = text.plist.strings; name = en; path = en.lproj/InfoPlist.strings; sourceTree = "<group>"; };
		0559CCF01411269D001DC928 /* lographsPrototype-Prefix.pch */ = {isa = PBXFileReference; lastKnownFileType = sourcecode.c.h; path = "lographsPrototype-Prefix.pch"; sourceTree = "<group>"; };
		0559CCF11411269D001DC928 /* main.m */ = {isa = PBXFileReference; lastKnownFileType = sourcecode.c.objc; path = main.m; sourceTree = "<group>"; };
		0559CCF31411269D001DC928 /* lographsPrototypeAppDelegate.h */ = {isa = PBXFileReference; lastKnownFileType = sourcecode.c.h; path = lographsPrototypeAppDelegate.h; sourceTree = "<group>"; };
		0559CCF41411269D001DC928 /* lographsPrototypeAppDelegate.m */ = {isa = PBXFileReference; lastKnownFileType = sourcecode.c.objc; path = lographsPrototypeAppDelegate.m; sourceTree = "<group>"; };
		0559CCF71411269D001DC928 /* en */ = {isa = PBXFileReference; lastKnownFileType = file.xib; name = en; path = en.lproj/MainWindow.xib; sourceTree = "<group>"; };
		0559CCF91411269D001DC928 /* FirstViewController.h */ = {isa = PBXFileReference; lastKnownFileType = sourcecode.c.h; path = FirstViewController.h; sourceTree = "<group>"; };
		0559CCFA1411269D001DC928 /* FirstViewController.m */ = {isa = PBXFileReference; lastKnownFileType = sourcecode.c.objc; path = FirstViewController.m; sourceTree = "<group>"; };
		0559CCFC1411269D001DC928 /* SecondViewController.h */ = {isa = PBXFileReference; lastKnownFileType = sourcecode.c.h; path = SecondViewController.h; sourceTree = "<group>"; };
		0559CCFD1411269D001DC928 /* SecondViewController.m */ = {isa = PBXFileReference; lastKnownFileType = sourcecode.c.objc; path = SecondViewController.m; sourceTree = "<group>"; };
		0559CD001411269D001DC928 /* en */ = {isa = PBXFileReference; lastKnownFileType = file.xib; name = en; path = en.lproj/FirstView.xib; sourceTree = "<group>"; };
		0559CD031411269D001DC928 /* en */ = {isa = PBXFileReference; lastKnownFileType = file.xib; name = en; path = en.lproj/SecondView.xib; sourceTree = "<group>"; };
		05B7F83D142E1EA900534522 /* README.md */ = {isa = PBXFileReference; fileEncoding = 4; lastKnownFileType = text; path = README.md; sourceTree = SOURCE_ROOT; };
		05F26DAE141BBB64007F518C /* Icon.png */ = {isa = PBXFileReference; lastKnownFileType = image.png; path = Icon.png; sourceTree = "<group>"; };
		05F26DAF141BBB64007F518C /* Icon@2x.png */ = {isa = PBXFileReference; lastKnownFileType = image.png; path = "Icon@2x.png"; sourceTree = "<group>"; };
		05F26DBC141BC250007F518C /* lographs.db */ = {isa = PBXFileReference; lastKnownFileType = file; path = lographs.db; sourceTree = "<group>"; };
		05F26DC0141BC328007F518C /* FMDatabase.h */ = {isa = PBXFileReference; fileEncoding = 4; lastKnownFileType = sourcecode.c.h; path = FMDatabase.h; sourceTree = "<group>"; };
		05F26DC1141BC328007F518C /* FMDatabase.m */ = {isa = PBXFileReference; fileEncoding = 4; lastKnownFileType = sourcecode.c.objc; path = FMDatabase.m; sourceTree = "<group>"; };
		05F26DC2141BC328007F518C /* FMDatabaseAdditions.h */ = {isa = PBXFileReference; fileEncoding = 4; lastKnownFileType = sourcecode.c.h; path = FMDatabaseAdditions.h; sourceTree = "<group>"; };
		05F26DC3141BC328007F518C /* FMDatabaseAdditions.m */ = {isa = PBXFileReference; fileEncoding = 4; lastKnownFileType = sourcecode.c.objc; path = FMDatabaseAdditions.m; sourceTree = "<group>"; };
		05F26DC4141BC328007F518C /* FMResultSet.h */ = {isa = PBXFileReference; fileEncoding = 4; lastKnownFileType = sourcecode.c.h; path = FMResultSet.h; sourceTree = "<group>"; };
		05F26DC5141BC328007F518C /* FMResultSet.m */ = {isa = PBXFileReference; fileEncoding = 4; lastKnownFileType = sourcecode.c.objc; path = FMResultSet.m; sourceTree = "<group>"; };
		05F26DC9141BC3A0007F518C /* libsqlite3.0.dylib */ = {isa = PBXFileReference; lastKnownFileType = "compiled.mach-o.dylib"; name = libsqlite3.0.dylib; path = usr/lib/libsqlite3.0.dylib; sourceTree = SDKROOT; };
		05F26DCD141BC67B007F518C /* CityData.h */ = {isa = PBXFileReference; fileEncoding = 4; lastKnownFileType = sourcecode.c.h; path = CityData.h; sourceTree = "<group>"; };
		05F26DCE141BC67B007F518C /* CityData.m */ = {isa = PBXFileReference; fileEncoding = 4; lastKnownFileType = sourcecode.c.objc; path = CityData.m; sourceTree = "<group>"; };
		05F26DD0141BC7C1007F518C /* LographsModel.h */ = {isa = PBXFileReference; fileEncoding = 4; lastKnownFileType = sourcecode.c.h; path = LographsModel.h; sourceTree = "<group>"; };
		05F26DD1141BC7C1007F518C /* LographsModel.m */ = {isa = PBXFileReference; fileEncoding = 4; lastKnownFileType = sourcecode.c.objc; path = LographsModel.m; sourceTree = "<group>"; };
		05F26DDB141BEBA3007F518C /* NSDictionary+Null.h */ = {isa = PBXFileReference; fileEncoding = 4; lastKnownFileType = sourcecode.c.h; path = "NSDictionary+Null.h"; sourceTree = "<group>"; };
		05F26DDC141BEBA3007F518C /* NSDictionary+Null.m */ = {isa = PBXFileReference; fileEncoding = 4; lastKnownFileType = sourcecode.c.objc; path = "NSDictionary+Null.m"; sourceTree = "<group>"; };
		05FBFBE9141376F8006AC2D9 /* EntryListViewController.h */ = {isa = PBXFileReference; fileEncoding = 4; lastKnownFileType = sourcecode.c.h; path = EntryListViewController.h; sourceTree = "<group>"; };
		05FBFBEA141376F8006AC2D9 /* EntryListViewController.m */ = {isa = PBXFileReference; fileEncoding = 4; lastKnownFileType = sourcecode.c.objc; path = EntryListViewController.m; sourceTree = "<group>"; };
		05FBFBEB141376F8006AC2D9 /* EntryListViewController.xib */ = {isa = PBXFileReference; fileEncoding = 4; lastKnownFileType = file.xib; path = EntryListViewController.xib; sourceTree = "<group>"; };
		05FBFBF71413878A006AC2D9 /* EntryCell.h */ = {isa = PBXFileReference; fileEncoding = 4; lastKnownFileType = sourcecode.c.h; path = EntryCell.h; sourceTree = "<group>"; };
		05FBFBF81413878A006AC2D9 /* EntryCell.m */ = {isa = PBXFileReference; fileEncoding = 4; lastKnownFileType = sourcecode.c.objc; path = EntryCell.m; sourceTree = "<group>"; };
		05FBFBFA141387B0006AC2D9 /* EntryCell.xib */ = {isa = PBXFileReference; fileEncoding = 4; lastKnownFileType = file.xib; path = EntryCell.xib; sourceTree = "<group>"; };
		05FBFBFC14139BEB006AC2D9 /* EntryDetailViewController.h */ = {isa = PBXFileReference; fileEncoding = 4; lastKnownFileType = sourcecode.c.h; path = EntryDetailViewController.h; sourceTree = "<group>"; };
		05FBFBFD14139BEB006AC2D9 /* EntryDetailViewController.m */ = {isa = PBXFileReference; fileEncoding = 4; lastKnownFileType = sourcecode.c.objc; path = EntryDetailViewController.m; sourceTree = "<group>"; };
		05FBFBFE14139BEB006AC2D9 /* EntryDetailViewController.xib */ = {isa = PBXFileReference; fileEncoding = 4; lastKnownFileType = file.xib; path = EntryDetailViewController.xib; sourceTree = "<group>"; };
/* End PBXFileReference section */

/* Begin PBXFrameworksBuildPhase section */
		0559CCDD1411269D001DC928 /* Frameworks */ = {
			isa = PBXFrameworksBuildPhase;
			buildActionMask = 2147483647;
			files = (
				0559CCE51411269D001DC928 /* UIKit.framework in Frameworks */,
				0559CCE71411269D001DC928 /* Foundation.framework in Frameworks */,
				0559CCE91411269D001DC928 /* CoreGraphics.framework in Frameworks */,
				05F26DCA141BC3A0007F518C /* libsqlite3.0.dylib in Frameworks */,
			);
			runOnlyForDeploymentPostprocessing = 0;
		};
/* End PBXFrameworksBuildPhase section */

/* Begin PBXGroup section */
		0559CCD51411269D001DC928 = {
			isa = PBXGroup;
			children = (
				0559CCEA1411269D001DC928 /* lographsPrototype */,
				0559CCE31411269D001DC928 /* Frameworks */,
				0559CCE11411269D001DC928 /* Products */,
			);
			sourceTree = "<group>";
		};
		0559CCE11411269D001DC928 /* Products */ = {
			isa = PBXGroup;
			children = (
				0559CCE01411269D001DC928 /* lographsPrototype.app */,
			);
			name = Products;
			sourceTree = "<group>";
		};
		0559CCE31411269D001DC928 /* Frameworks */ = {
			isa = PBXGroup;
			children = (
				0559CCE41411269D001DC928 /* UIKit.framework */,
				0559CCE61411269D001DC928 /* Foundation.framework */,
				0559CCE81411269D001DC928 /* CoreGraphics.framework */,
				05F26DC9141BC3A0007F518C /* libsqlite3.0.dylib */,
			);
			name = Frameworks;
			sourceTree = "<group>";
		};
		0559CCEA1411269D001DC928 /* lographsPrototype */ = {
			isa = PBXGroup;
			children = (
				05B7F83D142E1EA900534522 /* README.md */,
				05F26DBE141BC328007F518C /* Libraries */,
				05F26DCB141BC469007F518C /* Classes */,
				0559CCF31411269D001DC928 /* lographsPrototypeAppDelegate.h */,
				0559CCF41411269D001DC928 /* lographsPrototypeAppDelegate.m */,
				0559CCF61411269D001DC928 /* MainWindow.xib */,
				0559CCF91411269D001DC928 /* FirstViewController.h */,
				0559CCFA1411269D001DC928 /* FirstViewController.m */,
				0559CCFC1411269D001DC928 /* SecondViewController.h */,
				0559CCFD1411269D001DC928 /* SecondViewController.m */,
				0559CCFF1411269D001DC928 /* FirstView.xib */,
				0559CD021411269D001DC928 /* SecondView.xib */,
				0559CCEB1411269D001DC928 /* Supporting Files */,
				05FBFBE9141376F8006AC2D9 /* EntryListViewController.h */,
				05FBFBEA141376F8006AC2D9 /* EntryListViewController.m */,
				05FBFBEB141376F8006AC2D9 /* EntryListViewController.xib */,
				05FBFBF71413878A006AC2D9 /* EntryCell.h */,
				05FBFBF81413878A006AC2D9 /* EntryCell.m */,
				05FBFBFA141387B0006AC2D9 /* EntryCell.xib */,
				05FBFBFC14139BEB006AC2D9 /* EntryDetailViewController.h */,
				05FBFBFD14139BEB006AC2D9 /* EntryDetailViewController.m */,
				05FBFBFE14139BEB006AC2D9 /* EntryDetailViewController.xib */,
				05F26DAC141BBB64007F518C /* Resources */,
			);
			path = lographsPrototype;
			sourceTree = "<group>";
		};
		0559CCEB1411269D001DC928 /* Supporting Files */ = {
			isa = PBXGroup;
			children = (
				0559CCEC1411269D001DC928 /* lographsPrototype-Info.plist */,
				0559CCED1411269D001DC928 /* InfoPlist.strings */,
				0559CCF01411269D001DC928 /* lographsPrototype-Prefix.pch */,
				0559CCF11411269D001DC928 /* main.m */,
			);
			name = "Supporting Files";
			sourceTree = "<group>";
		};
		05F26DAC141BBB64007F518C /* Resources */ = {
			isa = PBXGroup;
			children = (
				05F26DBB141BC250007F518C /* Databases */,
				05F26DAD141BBB64007F518C /* Images */,
			);
			path = Resources;
			sourceTree = "<group>";
		};
		05F26DAD141BBB64007F518C /* Images */ = {
			isa = PBXGroup;
			children = (
				05F26DAE141BBB64007F518C /* Icon.png */,
				05F26DAF141BBB64007F518C /* Icon@2x.png */,
			);
			path = Images;
			sourceTree = "<group>";
		};
		05F26DBB141BC250007F518C /* Databases */ = {
			isa = PBXGroup;
			children = (
				05F26DBC141BC250007F518C /* lographs.db */,
			);
			path = Databases;
			sourceTree = "<group>";
		};
		05F26DBE141BC328007F518C /* Libraries */ = {
			isa = PBXGroup;
			children = (
				05F26DBF141BC328007F518C /* FMDB */,
			);
			path = Libraries;
			sourceTree = "<group>";
		};
		05F26DBF141BC328007F518C /* FMDB */ = {
			isa = PBXGroup;
			children = (
				05F26DC0141BC328007F518C /* FMDatabase.h */,
				05F26DC1141BC328007F518C /* FMDatabase.m */,
				05F26DC2141BC328007F518C /* FMDatabaseAdditions.h */,
				05F26DC3141BC328007F518C /* FMDatabaseAdditions.m */,
				05F26DC4141BC328007F518C /* FMResultSet.h */,
				05F26DC5141BC328007F518C /* FMResultSet.m */,
			);
			path = FMDB;
			sourceTree = "<group>";
		};
		05F26DCB141BC469007F518C /* Classes */ = {
			isa = PBXGroup;
			children = (
				05F26DCC141BC469007F518C /* Model */,
			);
			path = Classes;
			sourceTree = "<group>";
		};
		05F26DCC141BC469007F518C /* Model */ = {
			isa = PBXGroup;
			children = (
				05F26DCD141BC67B007F518C /* CityData.h */,
				05F26DCE141BC67B007F518C /* CityData.m */,
				05F26DDB141BEBA3007F518C /* NSDictionary+Null.h */,
				05F26DDC141BEBA3007F518C /* NSDictionary+Null.m */,
				05F26DD0141BC7C1007F518C /* LographsModel.h */,
				05F26DD1141BC7C1007F518C /* LographsModel.m */,
			);
			path = Model;
			sourceTree = "<group>";
		};
/* End PBXGroup section */

/* Begin PBXNativeTarget section */
		0559CCDF1411269D001DC928 /* lographsPrototype */ = {
			isa = PBXNativeTarget;
			buildConfigurationList = 0559CD071411269D001DC928 /* Build configuration list for PBXNativeTarget "lographsPrototype" */;
			buildPhases = (
				0559CCDC1411269D001DC928 /* Sources */,
				0559CCDD1411269D001DC928 /* Frameworks */,
				0559CCDE1411269D001DC928 /* Resources */,
			);
			buildRules = (
			);
			dependencies = (
			);
			name = lographsPrototype;
			productName = lographsPrototype;
			productReference = 0559CCE01411269D001DC928 /* lographsPrototype.app */;
			productType = "com.apple.product-type.application";
		};
/* End PBXNativeTarget section */

/* Begin PBXProject section */
		0559CCD71411269D001DC928 /* Project object */ = {
			isa = PBXProject;
			buildConfigurationList = 0559CCDA1411269D001DC928 /* Build configuration list for PBXProject "lographsPrototype" */;
			compatibilityVersion = "Xcode 3.2";
			developmentRegion = English;
			hasScannedForEncodings = 0;
			knownRegions = (
				en,
			);
			mainGroup = 0559CCD51411269D001DC928;
			productRefGroup = 0559CCE11411269D001DC928 /* Products */;
			projectDirPath = "";
			projectRoot = "";
			targets = (
				0559CCDF1411269D001DC928 /* lographsPrototype */,
			);
		};
/* End PBXProject section */

/* Begin PBXResourcesBuildPhase section */
		0559CCDE1411269D001DC928 /* Resources */ = {
			isa = PBXResourcesBuildPhase;
			buildActionMask = 2147483647;
			files = (
				0559CCEF1411269D001DC928 /* InfoPlist.strings in Resources */,
				0559CCF81411269D001DC928 /* MainWindow.xib in Resources */,
				0559CD011411269D001DC928 /* FirstView.xib in Resources */,
				0559CD041411269D001DC928 /* SecondView.xib in Resources */,
				05FBFBED141376F8006AC2D9 /* EntryListViewController.xib in Resources */,
				05FBFBFB141387B0006AC2D9 /* EntryCell.xib in Resources */,
				05FBFC0014139BEB006AC2D9 /* EntryDetailViewController.xib in Resources */,
				05F26DB0141BBB64007F518C /* Icon.png in Resources */,
				05F26DB1141BBB64007F518C /* Icon@2x.png in Resources */,
				05F26DBD141BC250007F518C /* lographs.db in Resources */,
				05B7F83E142E1EA900534522 /* README.md in Resources */,
			);
			runOnlyForDeploymentPostprocessing = 0;
		};
/* End PBXResourcesBuildPhase section */

/* Begin PBXSourcesBuildPhase section */
		0559CCDC1411269D001DC928 /* Sources */ = {
			isa = PBXSourcesBuildPhase;
			buildActionMask = 2147483647;
			files = (
				0559CCF21411269D001DC928 /* main.m in Sources */,
				0559CCF51411269D001DC928 /* lographsPrototypeAppDelegate.m in Sources */,
				0559CCFB1411269D001DC928 /* FirstViewController.m in Sources */,
				0559CCFE1411269D001DC928 /* SecondViewController.m in Sources */,
				05FBFBEC141376F8006AC2D9 /* EntryListViewController.m in Sources */,
				05FBFBF91413878A006AC2D9 /* EntryCell.m in Sources */,
				05FBFBFF14139BEB006AC2D9 /* EntryDetailViewController.m in Sources */,
				05F26DC6141BC328007F518C /* FMDatabase.m in Sources */,
				05F26DC7141BC328007F518C /* FMDatabaseAdditions.m in Sources */,
				05F26DC8141BC328007F518C /* FMResultSet.m in Sources */,
				05F26DCF141BC67B007F518C /* CityData.m in Sources */,
				05F26DD2141BC7C1007F518C /* LographsModel.m in Sources */,
				05F26DDD141BEBA4007F518C /* NSDictionary+Null.m in Sources */,
			);
			runOnlyForDeploymentPostprocessing = 0;
		};
/* End PBXSourcesBuildPhase section */

/* Begin PBXVariantGroup section */
		0559CCED1411269D001DC928 /* InfoPlist.strings */ = {
			isa = PBXVariantGroup;
			children = (
				0559CCEE1411269D001DC928 /* en */,
			);
			name = InfoPlist.strings;
			sourceTree = "<group>";
		};
		0559CCF61411269D001DC928 /* MainWindow.xib */ = {
			isa = PBXVariantGroup;
			children = (
				0559CCF71411269D001DC928 /* en */,
			);
			name = MainWindow.xib;
			sourceTree = "<group>";
		};
		0559CCFF1411269D001DC928 /* FirstView.xib */ = {
			isa = PBXVariantGroup;
			children = (
				0559CD001411269D001DC928 /* en */,
			);
			name = FirstView.xib;
			sourceTree = "<group>";
		};
		0559CD021411269D001DC928 /* SecondView.xib */ = {
			isa = PBXVariantGroup;
			children = (
				0559CD031411269D001DC928 /* en */,
			);
			name = SecondView.xib;
			sourceTree = "<group>";
		};
/* End PBXVariantGroup section */

/* Begin XCBuildConfiguration section */
		0559CD051411269D001DC928 /* Debug */ = {
			isa = XCBuildConfiguration;
			buildSettings = {
				ARCHS = "$(ARCHS_STANDARD_32_BIT)";
				"CODE_SIGN_IDENTITY[sdk=iphoneos*]" = "iPhone Developer";
				GCC_C_LANGUAGE_STANDARD = gnu99;
				GCC_OPTIMIZATION_LEVEL = 0;
				GCC_PREPROCESSOR_DEFINITIONS = DEBUG;
				GCC_SYMBOLS_PRIVATE_EXTERN = NO;
				GCC_VERSION = com.apple.compilers.llvmgcc42;
				GCC_WARN_ABOUT_RETURN_TYPE = YES;
				GCC_WARN_UNUSED_VARIABLE = YES;
				IPHONEOS_DEPLOYMENT_TARGET = 4.3;
				SDKROOT = iphoneos;
			};
			name = Debug;
		};
		0559CD061411269D001DC928 /* Release */ = {
			isa = XCBuildConfiguration;
			buildSettings = {
				ARCHS = "$(ARCHS_STANDARD_32_BIT)";
				"CODE_SIGN_IDENTITY[sdk=iphoneos*]" = "iPhone Developer";
				GCC_C_LANGUAGE_STANDARD = gnu99;
				GCC_VERSION = com.apple.compilers.llvmgcc42;
				GCC_WARN_ABOUT_RETURN_TYPE = YES;
				GCC_WARN_UNUSED_VARIABLE = YES;
				IPHONEOS_DEPLOYMENT_TARGET = 4.3;
				OTHER_CFLAGS = "-DNS_BLOCK_ASSERTIONS=1";
				SDKROOT = iphoneos;
			};
			name = Release;
		};
		0559CD081411269D001DC928 /* Debug */ = {
			isa = XCBuildConfiguration;
			buildSettings = {
				ALWAYS_SEARCH_USER_PATHS = NO;
				COPY_PHASE_STRIP = NO;
				GCC_DYNAMIC_NO_PIC = NO;
				GCC_PRECOMPILE_PREFIX_HEADER = YES;
				GCC_PREFIX_HEADER = "lographsPrototype/lographsPrototype-Prefix.pch";
				INFOPLIST_FILE = "lographsPrototype/lographsPrototype-Info.plist";
				PRODUCT_NAME = "$(TARGET_NAME)";
				WRAPPER_EXTENSION = app;
			};
			name = Debug;
		};
		0559CD091411269D001DC928 /* Release */ = {
			isa = XCBuildConfiguration;
			buildSettings = {
				ALWAYS_SEARCH_USER_PATHS = NO;
				COPY_PHASE_STRIP = YES;
				GCC_PRECOMPILE_PREFIX_HEADER = YES;
				GCC_PREFIX_HEADER = "lographsPrototype/lographsPrototype-Prefix.pch";
				INFOPLIST_FILE = "lographsPrototype/lographsPrototype-Info.plist";
				PRODUCT_NAME = "$(TARGET_NAME)";
				VALIDATE_PRODUCT = YES;
				WRAPPER_EXTENSION = app;
			};
			name = Release;
		};
/* End XCBuildConfiguration section */

/* Begin XCConfigurationList section */
		0559CCDA1411269D001DC928 /* Build configuration list for PBXProject "lographsPrototype" */ = {
			isa = XCConfigurationList;
			buildConfigurations = (
				0559CD051411269D001DC928 /* Debug */,
				0559CD061411269D001DC928 /* Release */,
			);
			defaultConfigurationIsVisible = 0;
			defaultConfigurationName = Release;
		};
		0559CD071411269D001DC928 /* Build configuration list for PBXNativeTarget "lographsPrototype" */ = {
			isa = XCConfigurationList;
			buildConfigurations = (
				0559CD081411269D001DC928 /* Debug */,
				0559CD091411269D001DC928 /* Release */,
			);
			defaultConfigurationIsVisible = 0;
			defaultConfigurationName = Release;
		};
/* End XCConfigurationList section */
	};
	rootObject = 0559CCD71411269D001DC928 /* Project object */;
}
